
Microsoft Visual Studio Solution File, Format Version 12.00
# Visual Studio Version 17
VisualStudioVersion = 17.11.35312.102
MinimumVisualStudioVersion = 10.0.40219.1
Project("{FAE04EC0-301F-11D3-BF4B-00C04F79EFBC}") = "BookingApp", "BookingApp\BookingApp.csproj", "{20958784-C791-41A9-A7AD-41268BD4F2B5}"
EndProject
Global
	GlobalSection(SolutionConfigurationPlatforms) = preSolution
		Debug|Any CPU = Debug|Any CPU
		Release|Any CPU = Release|Any CPU
	EndGlobalSection
	GlobalSection(ProjectConfigurationPlatforms) = postSolution
		{20958784-C791-41A9-A7AD-41268BD4F2B5}.Debug|Any CPU.ActiveCfg = Debug|Any CPU
		{20958784-C791-41A9-A7AD-41268BD4F2B5}.Debug|Any CPU.Build.0 = Debug|Any CPU
		{20958784-C791-41A9-A7AD-41268BD4F2B5}.Release|Any CPU.ActiveCfg = Release|Any CPU
		{20958784-C791-41A9-A7AD-41268BD4F2B5}.Release|Any CPU.Build.0 = Release|Any CPU
	EndGlobalSection
	GlobalSection(SolutionProperties) = preSolution
		HideSolutionNode = FALSE
	EndGlobalSection
	GlobalSection(ExtensibilityGlobals) = postSolution
		SolutionGuid = {A97B7F03-234A-4FDA-B8A2-C2A830CB00D3}
	EndGlobalSection
EndGlobal
